
Microsoft Visual Studio Solution File, Format Version 12.00
# Visual Studio Version 17
VisualStudioVersion = 17.2.32526.322
MinimumVisualStudioVersion = 10.0.40219.1
Project("{FAE04EC0-301F-11D3-BF4B-00C04F79EFBC}") = "Brackeys Challenge - 2", "Brackeys Challenge - 2\Brackeys Challenge - 2.csproj", "{D29DCA3E-A4AC-49A9-8E94-306B39F0BDA5}"
EndProject
Global
	GlobalSection(SolutionConfigurationPlatforms) = preSolution
		Debug|Any CPU = Debug|Any CPU
		Release|Any CPU = Release|Any CPU
	EndGlobalSection
	GlobalSection(ProjectConfigurationPlatforms) = postSolution
		{D29DCA3E-A4AC-49A9-8E94-306B39F0BDA5}.Debug|Any CPU.ActiveCfg = Debug|Any CPU
		{D29DCA3E-A4AC-49A9-8E94-306B39F0BDA5}.Debug|Any CPU.Build.0 = Debug|Any CPU
		{D29DCA3E-A4AC-49A9-8E94-306B39F0BDA5}.Release|Any CPU.ActiveCfg = Release|Any CPU
		{D29DCA3E-A4AC-49A9-8E94-306B39F0BDA5}.Release|Any CPU.Build.0 = Release|Any CPU
	EndGlobalSection
	GlobalSection(SolutionProperties) = preSolution
		HideSolutionNode = FALSE
	EndGlobalSection
	GlobalSection(ExtensibilityGlobals) = postSolution
		SolutionGuid = {15541C3B-C126-44DC-BD78-DF266B63714B}
	EndGlobalSection
EndGlobal
